
Microsoft Visual Studio Solution File, Format Version 12.00
# Visual Studio 15
VisualStudioVersion = 15.0.26403.3
MinimumVisualStudioVersion = 10.0.40219.1
Project("{A07B5EB6-E848-4116-A8D0-A826331D98C6}") = "WebApp", "WebApp\WebApp.sfproj", "{72F68100-15B7-4E1E-9020-AED8DF6DCB73}"
EndProject
Project("{FAE04EC0-301F-11D3-BF4B-00C04F79EFBC}") = "WebApiOnHttps", "WebApiOnHttps\WebApiOnHttps.csproj", "{5797B7D6-15EA-4604-BB49-0A89BF6F3AE9}"
EndProject
Global
	GlobalSection(SolutionConfigurationPlatforms) = preSolution
		Debug|x64 = Debug|x64
		Release|x64 = Release|x64
	EndGlobalSection
	GlobalSection(ProjectConfigurationPlatforms) = postSolution
		{72F68100-15B7-4E1E-9020-AED8DF6DCB73}.Debug|x64.ActiveCfg = Debug|x64
		{72F68100-15B7-4E1E-9020-AED8DF6DCB73}.Debug|x64.Build.0 = Debug|x64
		{72F68100-15B7-4E1E-9020-AED8DF6DCB73}.Debug|x64.Deploy.0 = Debug|x64
		{72F68100-15B7-4E1E-9020-AED8DF6DCB73}.Release|x64.ActiveCfg = Release|x64
		{72F68100-15B7-4E1E-9020-AED8DF6DCB73}.Release|x64.Build.0 = Release|x64
		{72F68100-15B7-4E1E-9020-AED8DF6DCB73}.Release|x64.Deploy.0 = Release|x64
		{5797B7D6-15EA-4604-BB49-0A89BF6F3AE9}.Debug|x64.ActiveCfg = Debug|x64
		{5797B7D6-15EA-4604-BB49-0A89BF6F3AE9}.Debug|x64.Build.0 = Debug|x64
		{5797B7D6-15EA-4604-BB49-0A89BF6F3AE9}.Release|x64.ActiveCfg = Release|x64
		{5797B7D6-15EA-4604-BB49-0A89BF6F3AE9}.Release|x64.Build.0 = Release|x64
	EndGlobalSection
	GlobalSection(SolutionProperties) = preSolution
		HideSolutionNode = FALSE
	EndGlobalSection
EndGlobal
